
Microsoft Visual Studio Solution File, Format Version 12.00
# Visual Studio Version 17
VisualStudioVersion = 17.6.33801.468
MinimumVisualStudioVersion = 10.0.40219.1
Project("{FAE04EC0-301F-11D3-BF4B-00C04F79EFBC}") = "HanteTcpDemo", "HanteTcpDemo\HanteTcpDemo.csproj", "{D93186F3-B9DA-42CE-A9FC-5C6E903DDCEC}"
EndProject
Project("{54435603-DBB4-11D2-8724-00A0C9A8B90C}") = "TestExE", "..\TestExE\TestExE.vdproj", "{1F7AA12A-B6D2-4D0D-8229-01F21472D248}"
EndProject
Global
	GlobalSection(SolutionConfigurationPlatforms) = preSolution
		Debug|Any CPU = Debug|Any CPU
		Release|Any CPU = Release|Any CPU
	EndGlobalSection
	GlobalSection(ProjectConfigurationPlatforms) = postSolution
		{D93186F3-B9DA-42CE-A9FC-5C6E903DDCEC}.Debug|Any CPU.ActiveCfg = Debug|Any CPU
		{D93186F3-B9DA-42CE-A9FC-5C6E903DDCEC}.Debug|Any CPU.Build.0 = Debug|Any CPU
		{D93186F3-B9DA-42CE-A9FC-5C6E903DDCEC}.Release|Any CPU.ActiveCfg = Release|Any CPU
		{D93186F3-B9DA-42CE-A9FC-5C6E903DDCEC}.Release|Any CPU.Build.0 = Release|Any CPU
		{1F7AA12A-B6D2-4D0D-8229-01F21472D248}.Debug|Any CPU.ActiveCfg = Debug
		{1F7AA12A-B6D2-4D0D-8229-01F21472D248}.Release|Any CPU.ActiveCfg = Release
	EndGlobalSection
	GlobalSection(SolutionProperties) = preSolution
		HideSolutionNode = FALSE
	EndGlobalSection
	GlobalSection(ExtensibilityGlobals) = postSolution
		SolutionGuid = {5178F84D-F624-4E7A-AA74-8FD64CF38DD6}
	EndGlobalSection
EndGlobal
